
Microsoft Visual Studio Solution File, Format Version 12.00
# Visual Studio 15
VisualStudioVersion = 15.0.27428.2015
MinimumVisualStudioVersion = 10.0.40219.1
Project("{9A19103F-16F7-4668-BE54-9A1E7A4F7556}") = "NexStar.Net", "NexStar.Net\NexStar.Net.csproj", "{82AF87C8-4BFC-4172-AE8F-FC864EAD8966}"
EndProject
Project("{FAE04EC0-301F-11D3-BF4B-00C04F79EFBC}") = "NexStarEmulator", "NexStarEmulator\NexStarEmulator.csproj", "{7AB90E33-7520-4DA1-B13D-851B5F520915}"
EndProject
Project("{FAE04EC0-301F-11D3-BF4B-00C04F79EFBC}") = "NexStarEmulator.Tests", "NexStarEmulator.Tests\NexStarEmulator.Tests.csproj", "{980DA889-7B43-436C-B4BF-BB41AA69568D}"
EndProject
Global
	GlobalSection(SolutionConfigurationPlatforms) = preSolution
		Debug|Any CPU = Debug|Any CPU
		Release|Any CPU = Release|Any CPU
	EndGlobalSection
	GlobalSection(ProjectConfigurationPlatforms) = postSolution
		{82AF87C8-4BFC-4172-AE8F-FC864EAD8966}.Debug|Any CPU.ActiveCfg = Debug|Any CPU
		{82AF87C8-4BFC-4172-AE8F-FC864EAD8966}.Debug|Any CPU.Build.0 = Debug|Any CPU
		{82AF87C8-4BFC-4172-AE8F-FC864EAD8966}.Release|Any CPU.ActiveCfg = Release|Any CPU
		{82AF87C8-4BFC-4172-AE8F-FC864EAD8966}.Release|Any CPU.Build.0 = Release|Any CPU
		{7AB90E33-7520-4DA1-B13D-851B5F520915}.Debug|Any CPU.ActiveCfg = Debug|Any CPU
		{7AB90E33-7520-4DA1-B13D-851B5F520915}.Debug|Any CPU.Build.0 = Debug|Any CPU
		{7AB90E33-7520-4DA1-B13D-851B5F520915}.Release|Any CPU.ActiveCfg = Release|Any CPU
		{7AB90E33-7520-4DA1-B13D-851B5F520915}.Release|Any CPU.Build.0 = Release|Any CPU
		{980DA889-7B43-436C-B4BF-BB41AA69568D}.Debug|Any CPU.ActiveCfg = Debug|Any CPU
		{980DA889-7B43-436C-B4BF-BB41AA69568D}.Debug|Any CPU.Build.0 = Debug|Any CPU
		{980DA889-7B43-436C-B4BF-BB41AA69568D}.Release|Any CPU.ActiveCfg = Release|Any CPU
		{980DA889-7B43-436C-B4BF-BB41AA69568D}.Release|Any CPU.Build.0 = Release|Any CPU
	EndGlobalSection
	GlobalSection(SolutionProperties) = preSolution
		HideSolutionNode = FALSE
	EndGlobalSection
	GlobalSection(ExtensibilityGlobals) = postSolution
		SolutionGuid = {60AA0C98-D757-47F3-8858-0A8140005E34}
	EndGlobalSection
EndGlobal
